
Microsoft Visual Studio Solution File, Format Version 12.00
Project("{2150E333-8FDC-42A3-9474-1A3956D46DE8}") = "CleanArchitecture", "CleanArchitecture", "{DDD98C58-4149-4924-A652-C790FEE9E4A1}"
EndProject
Project("{2150E333-8FDC-42A3-9474-1A3956D46DE8}") = "src", "src", "{8DB001EB-C7A9-496D-BF18-756AFFFE2CAF}"
EndProject
Project("{2150E333-8FDC-42A3-9474-1A3956D46DE8}") = "test", "test", "{27833849-C2F6-4F84-B94C-F0288DD02705}"
EndProject
Project("{2150E333-8FDC-42A3-9474-1A3956D46DE8}") = "Core", "Core", "{7CC39B46-04DB-46C8-808E-415F42529A25}"
EndProject
Project("{FAE04EC0-301F-11D3-BF4B-00C04F79EFBC}") = "App.Domain", "App.Domain\App.Domain.csproj", "{05C4293E-BFE8-474F-9BB6-C0B7DAF11DFC}"
EndProject
Project("{FAE04EC0-301F-11D3-BF4B-00C04F79EFBC}") = "App.Application", "App.Application\App.Application.csproj", "{17CD9737-00B1-4972-A82A-696A41828DEB}"
EndProject
Project("{2150E333-8FDC-42A3-9474-1A3956D46DE8}") = "Infrastructure", "Infrastructure", "{E96463E4-56E7-4E23-A0AC-2B7492EBD443}"
EndProject
Project("{FAE04EC0-301F-11D3-BF4B-00C04F79EFBC}") = "App.Persistence", "App.Persistence\App.Persistence.csproj", "{0ED936E0-C110-4D62-84F7-5C22B6D4C139}"
EndProject
Project("{2150E333-8FDC-42A3-9474-1A3956D46DE8}") = "Presentation", "Presentation", "{92A08BE8-9720-48A6-8AE6-50609A70D1B8}"
EndProject
Project("{FAE04EC0-301F-11D3-BF4B-00C04F79EFBC}") = "App.API", "App.API\App.API.csproj", "{27147C0B-BC69-4056-B98E-B3C315F97C78}"
EndProject
Project("{FAE04EC0-301F-11D3-BF4B-00C04F79EFBC}") = "App.Caching", "App.Caching\App.Caching.csproj", "{A1C7EB32-3B99-456C-B0E2-EC1F5F6F221F}"
EndProject
Global
	GlobalSection(SolutionConfigurationPlatforms) = preSolution
		Debug|Any CPU = Debug|Any CPU
		Release|Any CPU = Release|Any CPU
	EndGlobalSection
	GlobalSection(ProjectConfigurationPlatforms) = postSolution
		{05C4293E-BFE8-474F-9BB6-C0B7DAF11DFC}.Debug|Any CPU.ActiveCfg = Debug|Any CPU
		{05C4293E-BFE8-474F-9BB6-C0B7DAF11DFC}.Debug|Any CPU.Build.0 = Debug|Any CPU
		{05C4293E-BFE8-474F-9BB6-C0B7DAF11DFC}.Release|Any CPU.ActiveCfg = Release|Any CPU
		{05C4293E-BFE8-474F-9BB6-C0B7DAF11DFC}.Release|Any CPU.Build.0 = Release|Any CPU
		{17CD9737-00B1-4972-A82A-696A41828DEB}.Debug|Any CPU.ActiveCfg = Debug|Any CPU
		{17CD9737-00B1-4972-A82A-696A41828DEB}.Debug|Any CPU.Build.0 = Debug|Any CPU
		{17CD9737-00B1-4972-A82A-696A41828DEB}.Release|Any CPU.ActiveCfg = Release|Any CPU
		{17CD9737-00B1-4972-A82A-696A41828DEB}.Release|Any CPU.Build.0 = Release|Any CPU
		{0ED936E0-C110-4D62-84F7-5C22B6D4C139}.Debug|Any CPU.ActiveCfg = Debug|Any CPU
		{0ED936E0-C110-4D62-84F7-5C22B6D4C139}.Debug|Any CPU.Build.0 = Debug|Any CPU
		{0ED936E0-C110-4D62-84F7-5C22B6D4C139}.Release|Any CPU.ActiveCfg = Release|Any CPU
		{0ED936E0-C110-4D62-84F7-5C22B6D4C139}.Release|Any CPU.Build.0 = Release|Any CPU
		{27147C0B-BC69-4056-B98E-B3C315F97C78}.Debug|Any CPU.ActiveCfg = Debug|Any CPU
		{27147C0B-BC69-4056-B98E-B3C315F97C78}.Debug|Any CPU.Build.0 = Debug|Any CPU
		{27147C0B-BC69-4056-B98E-B3C315F97C78}.Release|Any CPU.ActiveCfg = Release|Any CPU
		{27147C0B-BC69-4056-B98E-B3C315F97C78}.Release|Any CPU.Build.0 = Release|Any CPU
		{A1C7EB32-3B99-456C-B0E2-EC1F5F6F221F}.Debug|Any CPU.ActiveCfg = Debug|Any CPU
		{A1C7EB32-3B99-456C-B0E2-EC1F5F6F221F}.Debug|Any CPU.Build.0 = Debug|Any CPU
		{A1C7EB32-3B99-456C-B0E2-EC1F5F6F221F}.Release|Any CPU.ActiveCfg = Release|Any CPU
		{A1C7EB32-3B99-456C-B0E2-EC1F5F6F221F}.Release|Any CPU.Build.0 = Release|Any CPU
	EndGlobalSection
	GlobalSection(NestedProjects) = preSolution
		{8DB001EB-C7A9-496D-BF18-756AFFFE2CAF} = {DDD98C58-4149-4924-A652-C790FEE9E4A1}
		{27833849-C2F6-4F84-B94C-F0288DD02705} = {DDD98C58-4149-4924-A652-C790FEE9E4A1}
		{7CC39B46-04DB-46C8-808E-415F42529A25} = {8DB001EB-C7A9-496D-BF18-756AFFFE2CAF}
		{05C4293E-BFE8-474F-9BB6-C0B7DAF11DFC} = {7CC39B46-04DB-46C8-808E-415F42529A25}
		{17CD9737-00B1-4972-A82A-696A41828DEB} = {7CC39B46-04DB-46C8-808E-415F42529A25}
		{E96463E4-56E7-4E23-A0AC-2B7492EBD443} = {8DB001EB-C7A9-496D-BF18-756AFFFE2CAF}
		{0ED936E0-C110-4D62-84F7-5C22B6D4C139} = {E96463E4-56E7-4E23-A0AC-2B7492EBD443}
		{92A08BE8-9720-48A6-8AE6-50609A70D1B8} = {8DB001EB-C7A9-496D-BF18-756AFFFE2CAF}
		{27147C0B-BC69-4056-B98E-B3C315F97C78} = {92A08BE8-9720-48A6-8AE6-50609A70D1B8}
		{A1C7EB32-3B99-456C-B0E2-EC1F5F6F221F} = {E96463E4-56E7-4E23-A0AC-2B7492EBD443}
	EndGlobalSection
EndGlobal
