
Microsoft Visual Studio Solution File, Format Version 12.00
Project("{FAE04EC0-301F-11D3-BF4B-00C04F79EFBC}") = "NLayerCleanArchitecture.Service", "NLayerCleanArchitecture.Service\NLayerCleanArchitecture.Service.csproj", "{756EEED7-E0B6-4A18-A92E-D4B5EE51A7A2}"
EndProject
Project("{FAE04EC0-301F-11D3-BF4B-00C04F79EFBC}") = "NLayerCleanArchitecture.Repository", "NLayerCleanArchitecture.Repository\NLayerCleanArchitecture.Repository.csproj", "{ED6BEB1F-8028-4DD1-91A1-B8135D782BB4}"
EndProject
Project("{FAE04EC0-301F-11D3-BF4B-00C04F79EFBC}") = "NLayerCleanArchitecture.API", "NLayerCleanArchitecture.API\NLayerCleanArchitecture.API.csproj", "{A7EA191A-77CB-4EAF-9A8E-A229C6D8A073}"
EndProject
Project("{2150E333-8FDC-42A3-9474-1A3956D46DE8}") = "NLayer", "NLayer", "{6B3C46C0-AAA0-4C2F-A414-BB3A69EFE0CC}"
EndProject
Project("{2150E333-8FDC-42A3-9474-1A3956D46DE8}") = "CleanArchitecture", "CleanArchitecture", "{DDD98C58-4149-4924-A652-C790FEE9E4A1}"
EndProject
Project("{2150E333-8FDC-42A3-9474-1A3956D46DE8}") = "src", "src", "{8DB001EB-C7A9-496D-BF18-756AFFFE2CAF}"
EndProject
Project("{2150E333-8FDC-42A3-9474-1A3956D46DE8}") = "test", "test", "{27833849-C2F6-4F84-B94C-F0288DD02705}"
EndProject
Project("{2150E333-8FDC-42A3-9474-1A3956D46DE8}") = "Core", "Core", "{7CC39B46-04DB-46C8-808E-415F42529A25}"
EndProject
Project("{FAE04EC0-301F-11D3-BF4B-00C04F79EFBC}") = "App.Domain", "App.Domain\App.Domain.csproj", "{05C4293E-BFE8-474F-9BB6-C0B7DAF11DFC}"
EndProject
Project("{FAE04EC0-301F-11D3-BF4B-00C04F79EFBC}") = "App.Application", "App.Application\App.Application.csproj", "{17CD9737-00B1-4972-A82A-696A41828DEB}"
EndProject
Project("{2150E333-8FDC-42A3-9474-1A3956D46DE8}") = "Infrastructure", "Infrastructure", "{E96463E4-56E7-4E23-A0AC-2B7492EBD443}"
EndProject
Project("{FAE04EC0-301F-11D3-BF4B-00C04F79EFBC}") = "App.Persistance", "App.Persistance\App.Persistance.csproj", "{0ED936E0-C110-4D62-84F7-5C22B6D4C139}"
EndProject
Project("{2150E333-8FDC-42A3-9474-1A3956D46DE8}") = "Presentation", "Presentation", "{92A08BE8-9720-48A6-8AE6-50609A70D1B8}"
EndProject
Project("{FAE04EC0-301F-11D3-BF4B-00C04F79EFBC}") = "App.API", "App.API\App.API.csproj", "{27147C0B-BC69-4056-B98E-B3C315F97C78}"
EndProject
Global
	GlobalSection(SolutionConfigurationPlatforms) = preSolution
		Debug|Any CPU = Debug|Any CPU
		Release|Any CPU = Release|Any CPU
	EndGlobalSection
	GlobalSection(ProjectConfigurationPlatforms) = postSolution
		{756EEED7-E0B6-4A18-A92E-D4B5EE51A7A2}.Debug|Any CPU.ActiveCfg = Debug|Any CPU
		{756EEED7-E0B6-4A18-A92E-D4B5EE51A7A2}.Debug|Any CPU.Build.0 = Debug|Any CPU
		{756EEED7-E0B6-4A18-A92E-D4B5EE51A7A2}.Release|Any CPU.ActiveCfg = Release|Any CPU
		{756EEED7-E0B6-4A18-A92E-D4B5EE51A7A2}.Release|Any CPU.Build.0 = Release|Any CPU
		{ED6BEB1F-8028-4DD1-91A1-B8135D782BB4}.Debug|Any CPU.ActiveCfg = Debug|Any CPU
		{ED6BEB1F-8028-4DD1-91A1-B8135D782BB4}.Debug|Any CPU.Build.0 = Debug|Any CPU
		{ED6BEB1F-8028-4DD1-91A1-B8135D782BB4}.Release|Any CPU.ActiveCfg = Release|Any CPU
		{ED6BEB1F-8028-4DD1-91A1-B8135D782BB4}.Release|Any CPU.Build.0 = Release|Any CPU
		{A7EA191A-77CB-4EAF-9A8E-A229C6D8A073}.Debug|Any CPU.ActiveCfg = Debug|Any CPU
		{A7EA191A-77CB-4EAF-9A8E-A229C6D8A073}.Debug|Any CPU.Build.0 = Debug|Any CPU
		{A7EA191A-77CB-4EAF-9A8E-A229C6D8A073}.Release|Any CPU.ActiveCfg = Release|Any CPU
		{A7EA191A-77CB-4EAF-9A8E-A229C6D8A073}.Release|Any CPU.Build.0 = Release|Any CPU
		{05C4293E-BFE8-474F-9BB6-C0B7DAF11DFC}.Debug|Any CPU.ActiveCfg = Debug|Any CPU
		{05C4293E-BFE8-474F-9BB6-C0B7DAF11DFC}.Debug|Any CPU.Build.0 = Debug|Any CPU
		{05C4293E-BFE8-474F-9BB6-C0B7DAF11DFC}.Release|Any CPU.ActiveCfg = Release|Any CPU
		{05C4293E-BFE8-474F-9BB6-C0B7DAF11DFC}.Release|Any CPU.Build.0 = Release|Any CPU
		{17CD9737-00B1-4972-A82A-696A41828DEB}.Debug|Any CPU.ActiveCfg = Debug|Any CPU
		{17CD9737-00B1-4972-A82A-696A41828DEB}.Debug|Any CPU.Build.0 = Debug|Any CPU
		{17CD9737-00B1-4972-A82A-696A41828DEB}.Release|Any CPU.ActiveCfg = Release|Any CPU
		{17CD9737-00B1-4972-A82A-696A41828DEB}.Release|Any CPU.Build.0 = Release|Any CPU
		{0ED936E0-C110-4D62-84F7-5C22B6D4C139}.Debug|Any CPU.ActiveCfg = Debug|Any CPU
		{0ED936E0-C110-4D62-84F7-5C22B6D4C139}.Debug|Any CPU.Build.0 = Debug|Any CPU
		{0ED936E0-C110-4D62-84F7-5C22B6D4C139}.Release|Any CPU.ActiveCfg = Release|Any CPU
		{0ED936E0-C110-4D62-84F7-5C22B6D4C139}.Release|Any CPU.Build.0 = Release|Any CPU
		{27147C0B-BC69-4056-B98E-B3C315F97C78}.Debug|Any CPU.ActiveCfg = Debug|Any CPU
		{27147C0B-BC69-4056-B98E-B3C315F97C78}.Debug|Any CPU.Build.0 = Debug|Any CPU
		{27147C0B-BC69-4056-B98E-B3C315F97C78}.Release|Any CPU.ActiveCfg = Release|Any CPU
		{27147C0B-BC69-4056-B98E-B3C315F97C78}.Release|Any CPU.Build.0 = Release|Any CPU
	EndGlobalSection
	GlobalSection(NestedProjects) = preSolution
		{A7EA191A-77CB-4EAF-9A8E-A229C6D8A073} = {6B3C46C0-AAA0-4C2F-A414-BB3A69EFE0CC}
		{ED6BEB1F-8028-4DD1-91A1-B8135D782BB4} = {6B3C46C0-AAA0-4C2F-A414-BB3A69EFE0CC}
		{756EEED7-E0B6-4A18-A92E-D4B5EE51A7A2} = {6B3C46C0-AAA0-4C2F-A414-BB3A69EFE0CC}
		{8DB001EB-C7A9-496D-BF18-756AFFFE2CAF} = {DDD98C58-4149-4924-A652-C790FEE9E4A1}
		{27833849-C2F6-4F84-B94C-F0288DD02705} = {DDD98C58-4149-4924-A652-C790FEE9E4A1}
		{7CC39B46-04DB-46C8-808E-415F42529A25} = {8DB001EB-C7A9-496D-BF18-756AFFFE2CAF}
		{05C4293E-BFE8-474F-9BB6-C0B7DAF11DFC} = {7CC39B46-04DB-46C8-808E-415F42529A25}
		{17CD9737-00B1-4972-A82A-696A41828DEB} = {7CC39B46-04DB-46C8-808E-415F42529A25}
		{E96463E4-56E7-4E23-A0AC-2B7492EBD443} = {8DB001EB-C7A9-496D-BF18-756AFFFE2CAF}
		{0ED936E0-C110-4D62-84F7-5C22B6D4C139} = {E96463E4-56E7-4E23-A0AC-2B7492EBD443}
		{92A08BE8-9720-48A6-8AE6-50609A70D1B8} = {8DB001EB-C7A9-496D-BF18-756AFFFE2CAF}
		{27147C0B-BC69-4056-B98E-B3C315F97C78} = {92A08BE8-9720-48A6-8AE6-50609A70D1B8}
	EndGlobalSection
EndGlobal
